
Microsoft Visual Studio Solution File, Format Version 12.00
# Visual Studio Version 17
VisualStudioVersion = 17.7.34024.191
MinimumVisualStudioVersion = 10.0.40219.1
Project("{8BC9CEB8-8B4A-11D0-8D11-00A0C91BC942}") = "anzu_intercept", "anzu_intercept\anzu_intercept.vcxproj", "{0977A17D-A7E5-4B40-AA3D-3A8D1BC5531C}"
EndProject
Project("{8BC9CEB8-8B4A-11D0-8D11-00A0C91BC942}") = "anzu_harness", "anzu_harness\anzu_harness.vcxproj", "{397F1ADC-AE42-4A65-B1EE-D285BB88B55C}"
EndProject
Global
	GlobalSection(SolutionConfigurationPlatforms) = preSolution
		Debug|x64 = Debug|x64
		Debug|x86 = Debug|x86
		Release|x64 = Release|x64
		Release|x86 = Release|x86
	EndGlobalSection
	GlobalSection(ProjectConfigurationPlatforms) = postSolution
		{0977A17D-A7E5-4B40-AA3D-3A8D1BC5531C}.Debug|x64.ActiveCfg = Debug|x64
		{0977A17D-A7E5-4B40-AA3D-3A8D1BC5531C}.Debug|x64.Build.0 = Debug|x64
		{0977A17D-A7E5-4B40-AA3D-3A8D1BC5531C}.Debug|x86.ActiveCfg = Debug|Win32
		{0977A17D-A7E5-4B40-AA3D-3A8D1BC5531C}.Debug|x86.Build.0 = Debug|Win32
		{0977A17D-A7E5-4B40-AA3D-3A8D1BC5531C}.Release|x64.ActiveCfg = Release|x64
		{0977A17D-A7E5-4B40-AA3D-3A8D1BC5531C}.Release|x64.Build.0 = Release|x64
		{0977A17D-A7E5-4B40-AA3D-3A8D1BC5531C}.Release|x86.ActiveCfg = Release|Win32
		{0977A17D-A7E5-4B40-AA3D-3A8D1BC5531C}.Release|x86.Build.0 = Release|Win32
		{397F1ADC-AE42-4A65-B1EE-D285BB88B55C}.Debug|x64.ActiveCfg = Debug|x64
		{397F1ADC-AE42-4A65-B1EE-D285BB88B55C}.Debug|x64.Build.0 = Debug|x64
		{397F1ADC-AE42-4A65-B1EE-D285BB88B55C}.Debug|x86.ActiveCfg = Debug|Win32
		{397F1ADC-AE42-4A65-B1EE-D285BB88B55C}.Debug|x86.Build.0 = Debug|Win32
		{397F1ADC-AE42-4A65-B1EE-D285BB88B55C}.Release|x64.ActiveCfg = Release|x64
		{397F1ADC-AE42-4A65-B1EE-D285BB88B55C}.Release|x64.Build.0 = Release|x64
		{397F1ADC-AE42-4A65-B1EE-D285BB88B55C}.Release|x86.ActiveCfg = Release|Win32
		{397F1ADC-AE42-4A65-B1EE-D285BB88B55C}.Release|x86.Build.0 = Release|Win32
	EndGlobalSection
	GlobalSection(SolutionProperties) = preSolution
		HideSolutionNode = FALSE
	EndGlobalSection
	GlobalSection(ExtensibilityGlobals) = postSolution
		SolutionGuid = {8B562DCC-16D6-41CE-873A-DD2001FAD66E}
	EndGlobalSection
EndGlobal
